# This file was autogenerated by Stack.
# You should not edit this file by hand.
# For more information, please see the documentation at:
#   https://docs.haskellstack.org/en/stable/lock_files

packages:
- completed:
    hackage: dear-imgui-2.1.3@sha256:3c00ebf59e98c049549c3c24436a389191f92f14726c406e640e0cc3481c8924,8691
    pantry-tree:
      sha256: 79ee7c91e223bf348541ebaa23067a2cb840a29ce1dae1cb68fdfbbd738320bd
      size: 5269
  original:
    hackage: dear-imgui-2.1.3
- completed:
    hackage: vulkan-3.24.5@sha256:9e11572d2dfc43bd22a9c477b79494c884d3e94aad170088c08a32d695f46000,31913
    pantry-tree:
      sha256: db052d548bc83a3f6484c0bcda88561f43b78244a79ed7c35aca9747c7c1e242
      size: 86973
  original:
    hackage: vulkan-3.24.5
- completed:
    hackage: vulkan-utils-0.5.10.2@sha256:bbc0bbd585218a4b2eb7d1977824843ff6aeeca5f2273bb1befa2f3316303ced,3959
    pantry-tree:
      sha256: e1921f324cc0e2c9a4351d9cae91ba3ca3be5868275994b811e19d91b10bc71f
      size: 2226
  original:
    hackage: vulkan-utils-0.5.10.2
snapshots:
- completed:
    sha256: adbc602422dde10cc330175da7de8609e70afc41449a7e2d6e8b1827aa0e5008
    size: 649342
    url: https://raw.githubusercontent.com/commercialhaskell/stackage-snapshots/master/lts/20/11.yaml
  original: lts-20.11
